
Microsoft Visual Studio Solution File, Format Version 12.00
# Visual Studio 15
VisualStudioVersion = 15.0.28307.1340
MinimumVisualStudioVersion = 10.0.40219.1
Project("{FAE04EC0-301F-11D3-BF4B-00C04F79EFBC}") = "Fondamentaux", "fondamentau\Fondamentaux.csproj", "{1DCD34B7-B1CB-46CA-929F-4CEB0E143F29}"
EndProject
Project("{FAE04EC0-301F-11D3-BF4B-00C04F79EFBC}") = "GestionEtudiant", "GestionEtudiant\GestionEtudiant.csproj", "{FE30236C-8563-4B0C-AFEC-CF993699D14E}"
EndProject
Global
	GlobalSection(SolutionConfigurationPlatforms) = preSolution
		Debug|Any CPU = Debug|Any CPU
		Release|Any CPU = Release|Any CPU
	EndGlobalSection
	GlobalSection(ProjectConfigurationPlatforms) = postSolution
		{1DCD34B7-B1CB-46CA-929F-4CEB0E143F29}.Debug|Any CPU.ActiveCfg = Debug|Any CPU
		{1DCD34B7-B1CB-46CA-929F-4CEB0E143F29}.Debug|Any CPU.Build.0 = Debug|Any CPU
		{1DCD34B7-B1CB-46CA-929F-4CEB0E143F29}.Release|Any CPU.ActiveCfg = Release|Any CPU
		{1DCD34B7-B1CB-46CA-929F-4CEB0E143F29}.Release|Any CPU.Build.0 = Release|Any CPU
		{FE30236C-8563-4B0C-AFEC-CF993699D14E}.Debug|Any CPU.ActiveCfg = Debug|Any CPU
		{FE30236C-8563-4B0C-AFEC-CF993699D14E}.Debug|Any CPU.Build.0 = Debug|Any CPU
		{FE30236C-8563-4B0C-AFEC-CF993699D14E}.Release|Any CPU.ActiveCfg = Release|Any CPU
		{FE30236C-8563-4B0C-AFEC-CF993699D14E}.Release|Any CPU.Build.0 = Release|Any CPU
	EndGlobalSection
	GlobalSection(SolutionProperties) = preSolution
		HideSolutionNode = FALSE
	EndGlobalSection
	GlobalSection(ExtensibilityGlobals) = postSolution
		SolutionGuid = {11A127F0-6279-4B43-8936-025B1A17D150}
	EndGlobalSection
EndGlobal
